
Microsoft Visual Studio Solution File, Format Version 12.00
# Visual Studio Version 17
VisualStudioVersion = 17.4.33213.308
MinimumVisualStudioVersion = 10.0.40219.1
Project("{9A19103F-16F7-4668-BE54-9A1E7A4F7556}") = "AuthServer", "AuthServer\AuthServer.csproj", "{EB77E28D-5730-4D7A-859C-ECCE1687ECE2}"
EndProject
Project("{FAE04EC0-301F-11D3-BF4B-00C04F79EFBC}") = "BitcoinAccountAPI", "BitcoinAccountAPI\BitcoinAccountAPI.csproj", "{9F7A4D8A-EECC-419A-A46F-25872B9CBAE0}"
EndProject
Project("{FAE04EC0-301F-11D3-BF4B-00C04F79EFBC}") = "EthereumAccountAPI", "EthereumAccountAPI\EthereumAccountAPI.csproj", "{B1FC39C9-EF4B-46BB-BDBE-81AAF8CAD6E2}"
EndProject
Global
	GlobalSection(SolutionConfigurationPlatforms) = preSolution
		Debug|Any CPU = Debug|Any CPU
		Release|Any CPU = Release|Any CPU
	EndGlobalSection
	GlobalSection(ProjectConfigurationPlatforms) = postSolution
		{EB77E28D-5730-4D7A-859C-ECCE1687ECE2}.Debug|Any CPU.ActiveCfg = Debug|Any CPU
		{EB77E28D-5730-4D7A-859C-ECCE1687ECE2}.Debug|Any CPU.Build.0 = Debug|Any CPU
		{EB77E28D-5730-4D7A-859C-ECCE1687ECE2}.Release|Any CPU.ActiveCfg = Release|Any CPU
		{EB77E28D-5730-4D7A-859C-ECCE1687ECE2}.Release|Any CPU.Build.0 = Release|Any CPU
		{9F7A4D8A-EECC-419A-A46F-25872B9CBAE0}.Debug|Any CPU.ActiveCfg = Debug|Any CPU
		{9F7A4D8A-EECC-419A-A46F-25872B9CBAE0}.Debug|Any CPU.Build.0 = Debug|Any CPU
		{9F7A4D8A-EECC-419A-A46F-25872B9CBAE0}.Release|Any CPU.ActiveCfg = Release|Any CPU
		{9F7A4D8A-EECC-419A-A46F-25872B9CBAE0}.Release|Any CPU.Build.0 = Release|Any CPU
		{B1FC39C9-EF4B-46BB-BDBE-81AAF8CAD6E2}.Debug|Any CPU.ActiveCfg = Debug|Any CPU
		{B1FC39C9-EF4B-46BB-BDBE-81AAF8CAD6E2}.Debug|Any CPU.Build.0 = Debug|Any CPU
		{B1FC39C9-EF4B-46BB-BDBE-81AAF8CAD6E2}.Release|Any CPU.ActiveCfg = Release|Any CPU
		{B1FC39C9-EF4B-46BB-BDBE-81AAF8CAD6E2}.Release|Any CPU.Build.0 = Release|Any CPU
	EndGlobalSection
	GlobalSection(SolutionProperties) = preSolution
		HideSolutionNode = FALSE
	EndGlobalSection
	GlobalSection(ExtensibilityGlobals) = postSolution
		SolutionGuid = {9D441463-6E4F-43E4-9106-CB6D8B926240}
	EndGlobalSection
EndGlobal
